{
  "name": "fp-playground",
  "version": "1.0.0",
  "lockfileVersion": 3,
  "requires": true,
  "packages": {
    "": {
      "name": "fp-playground",
      "version": "1.0.0",
      "license": "ISC",
      "dependencies": {
        "folktale": "^2.3.2"
      }
    },
    "node_modules/folktale": {
      "version": "2.3.2",
      "resolved": "https://registry.npmjs.org/folktale/-/folktale-2.3.2.tgz",
      "integrity": "sha512-+8GbtQBwEqutP0v3uajDDoN64K2ehmHd0cjlghhxh0WpcfPzAIjPA03e1VvHlxL02FVGR0A6lwXsNQKn3H1RNQ==",
      "deprecated": "This package is no longer actively maintained. Only security patches will be provided, if needed. Consider switching to fp-ts."
    }
  }
}
